
Microsoft Visual Studio Solution File, Format Version 12.00
# Visual Studio Version 16
VisualStudioVersion = 16.0.30002.166
MinimumVisualStudioVersion = 10.0.40219.1
Project("{9A19103F-16F7-4668-BE54-9A1E7A4F7556}") = "CamlGen", "CamlGen\CamlGen.csproj", "{48632AB0-D026-426D-AF9E-B47CF96D69E4}"
EndProject
Project("{9A19103F-16F7-4668-BE54-9A1E7A4F7556}") = "CamlGen.Test", "CamlGen.Test\CamlGen.Test.csproj", "{243017D4-3E24-47E8-B453-06E09BB160FF}"
EndProject
Global
	GlobalSection(SolutionConfigurationPlatforms) = preSolution
		Debug|Any CPU = Debug|Any CPU
		Release|Any CPU = Release|Any CPU
	EndGlobalSection
	GlobalSection(ProjectConfigurationPlatforms) = postSolution
		{48632AB0-D026-426D-AF9E-B47CF96D69E4}.Debug|Any CPU.ActiveCfg = Debug|Any CPU
		{48632AB0-D026-426D-AF9E-B47CF96D69E4}.Debug|Any CPU.Build.0 = Debug|Any CPU
		{48632AB0-D026-426D-AF9E-B47CF96D69E4}.Release|Any CPU.ActiveCfg = Release|Any CPU
		{48632AB0-D026-426D-AF9E-B47CF96D69E4}.Release|Any CPU.Build.0 = Release|Any CPU
		{243017D4-3E24-47E8-B453-06E09BB160FF}.Debug|Any CPU.ActiveCfg = Debug|Any CPU
		{243017D4-3E24-47E8-B453-06E09BB160FF}.Debug|Any CPU.Build.0 = Debug|Any CPU
		{243017D4-3E24-47E8-B453-06E09BB160FF}.Release|Any CPU.ActiveCfg = Release|Any CPU
		{243017D4-3E24-47E8-B453-06E09BB160FF}.Release|Any CPU.Build.0 = Release|Any CPU
	EndGlobalSection
	GlobalSection(SolutionProperties) = preSolution
		HideSolutionNode = FALSE
	EndGlobalSection
	GlobalSection(ExtensibilityGlobals) = postSolution
		SolutionGuid = {1E86A5BD-F337-426C-91F8-4E0FFE0BAB7A}
	EndGlobalSection
EndGlobal
