
Microsoft Visual Studio Solution File, Format Version 12.00
# Visual Studio 2012
Project("{FAE04EC0-301F-11D3-BF4B-00C04F79EFBC}") = "CamlGen", "CamlGen\CamlGen.csproj", "{48632AB0-D026-426D-AF9E-B47CF96D69E4}"
EndProject
Project("{FAE04EC0-301F-11D3-BF4B-00C04F79EFBC}") = "CamlGen.Test", "CamlGen.Test\CamlGen.Test.csproj", "{B2E9C5CE-0514-4339-84D8-652369C5843E}"
EndProject
Global
	GlobalSection(SolutionConfigurationPlatforms) = preSolution
		Debug|Any CPU = Debug|Any CPU
		Release|Any CPU = Release|Any CPU
	EndGlobalSection
	GlobalSection(ProjectConfigurationPlatforms) = postSolution
		{48632AB0-D026-426D-AF9E-B47CF96D69E4}.Debug|Any CPU.ActiveCfg = Debug|Any CPU
		{48632AB0-D026-426D-AF9E-B47CF96D69E4}.Debug|Any CPU.Build.0 = Debug|Any CPU
		{48632AB0-D026-426D-AF9E-B47CF96D69E4}.Release|Any CPU.ActiveCfg = Release|Any CPU
		{48632AB0-D026-426D-AF9E-B47CF96D69E4}.Release|Any CPU.Build.0 = Release|Any CPU
		{B2E9C5CE-0514-4339-84D8-652369C5843E}.Debug|Any CPU.ActiveCfg = Debug|Any CPU
		{B2E9C5CE-0514-4339-84D8-652369C5843E}.Debug|Any CPU.Build.0 = Debug|Any CPU
		{B2E9C5CE-0514-4339-84D8-652369C5843E}.Release|Any CPU.ActiveCfg = Release|Any CPU
		{B2E9C5CE-0514-4339-84D8-652369C5843E}.Release|Any CPU.Build.0 = Release|Any CPU
	EndGlobalSection
	GlobalSection(SolutionProperties) = preSolution
		HideSolutionNode = FALSE
	EndGlobalSection
EndGlobal
